
Microsoft Visual Studio Solution File, Format Version 12.00
# Visual Studio Version 17
VisualStudioVersion = 17.5.33530.505
MinimumVisualStudioVersion = 10.0.40219.1
Project("{FAE04EC0-301F-11D3-BF4B-00C04F79EFBC}") = "Robber", "Robber\Robber.csproj", "{4382F19C-625C-4E30-9AD0-5F5397EDEF0B}"
EndProject
Global
	GlobalSection(SolutionConfigurationPlatforms) = preSolution
		Debug|Any CPU = Debug|Any CPU
		Release|Any CPU = Release|Any CPU
	EndGlobalSection
	GlobalSection(ProjectConfigurationPlatforms) = postSolution
		{4382F19C-625C-4E30-9AD0-5F5397EDEF0B}.Debug|Any CPU.ActiveCfg = Debug|Any CPU
		{4382F19C-625C-4E30-9AD0-5F5397EDEF0B}.Debug|Any CPU.Build.0 = Debug|Any CPU
		{4382F19C-625C-4E30-9AD0-5F5397EDEF0B}.Release|Any CPU.ActiveCfg = Release|Any CPU
		{4382F19C-625C-4E30-9AD0-5F5397EDEF0B}.Release|Any CPU.Build.0 = Release|Any CPU
	EndGlobalSection
	GlobalSection(SolutionProperties) = preSolution
		HideSolutionNode = FALSE
	EndGlobalSection
	GlobalSection(ExtensibilityGlobals) = postSolution
		SolutionGuid = {B6BCDA5D-E0A1-4D95-8CC5-20F41CDCF724}
	EndGlobalSection
EndGlobal
